// !$*UTF8*$!
{
	archiveVersion = 1;
	classes = {
	};
	objectVersion = 46;
	objects = {

/* Begin PBXBuildFile section */
		95967D7219ACFED80056E50D /* AppDelegate.swift in Sources */ = {isa = PBXBuildFile; fileRef = 95967D7119ACFED80056E50D /* AppDelegate.swift */; };
		95967D7419ACFED80056E50D /* ViewController.swift in Sources */ = {isa = PBXBuildFile; fileRef = 95967D7319ACFED80056E50D /* ViewController.swift */; };
		95967D7719ACFED80056E50D /* Main.storyboard in Resources */ = {isa = PBXBuildFile; fileRef = 95967D7519ACFED80056E50D /* Main.storyboard */; };
		95967D7919ACFED80056E50D /* Images.xcassets in Resources */ = {isa = PBXBuildFile; fileRef = 95967D7819ACFED80056E50D /* Images.xcassets */; };
		95967D8519ACFED80056E50D /* TCPSocketTests.swift in Sources */ = {isa = PBXBuildFile; fileRef = 95967D8419ACFED80056E50D /* TCPSocketTests.swift */; };
/* End PBXBuildFile section */

/* Begin PBXContainerItemProxy section */
		95967D7F19ACFED80056E50D /* PBXContainerItemProxy */ = {
			isa = PBXContainerItemProxy;
			containerPortal = 95967D6419ACFED80056E50D /* Project object */;
			proxyType = 1;
			remoteGlobalIDString = 95967D6B19ACFED80056E50D;
			remoteInfo = TCPSocket;
		};
/* End PBXContainerItemProxy section */

/* Begin PBXFileReference section */
		95967D6C19ACFED80056E50D /* TCPSocket.app */ = {isa = PBXFileReference; explicitFileType = wrapper.application; includeInIndex = 0; path = TCPSocket.app; sourceTree = BUILT_PRODUCTS_DIR; };
		95967D7019ACFED80056E50D /* Info.plist */ = {isa = PBXFileReference; lastKnownFileType = text.plist.xml; path = Info.plist; sourceTree = "<group>"; };
		95967D7119ACFED80056E50D /* AppDelegate.swift */ = {isa = PBXFileReference; lastKnownFileType = sourcecode.swift; path = AppDelegate.swift; sourceTree = "<group>"; };
		95967D7319ACFED80056E50D /* ViewController.swift */ = {isa = PBXFileReference; lastKnownFileType = sourcecode.swift; path = ViewController.swift; sourceTree = "<group>"; };
		95967D7619ACFED80056E50D /* Base */ = {isa = PBXFileReference; lastKnownFileType = file.storyboard; name = Base; path = Base.lproj/Main.storyboard; sourceTree = "<group>"; };
		95967D7819ACFED80056E50D /* Images.xcassets */ = {isa = PBXFileReference; lastKnownFileType = folder.assetcatalog; path = Images.xcassets; sourceTree = "<group>"; };
		95967D7E19ACFED80056E50D /* TCPSocketTests.xctest */ = {isa = PBXFileReference; explicitFileType = wrapper.cfbundle; includeInIndex = 0; path = TCPSocketTests.xctest; sourceTree = BUILT_PRODUCTS_DIR; };
		95967D8319ACFED80056E50D /* Info.plist */ = {isa = PBXFileReference; lastKnownFileType = text.plist.xml; path = Info.plist; sourceTree = "<group>"; };
		95967D8419ACFED80056E50D /* TCPSocketTests.swift */ = {isa = PBXFileReference; lastKnownFileType = sourcecode.swift; path = TCPSocketTests.swift; sourceTree = "<group>"; };
/* End PBXFileReference section */

/* Begin PBXFrameworksBuildPhase section */
		95967D6919ACFED80056E50D /* Frameworks */ = {
			isa = PBXFrameworksBuildPhase;
			buildActionMask = 2147483647;
			files = (
			);
			runOnlyForDeploymentPostprocessing = 0;
		};
		95967D7B19ACFED80056E50D /* Frameworks */ = {
			isa = PBXFrameworksBuildPhase;
			buildActionMask = 2147483647;
			files = (
			);
			runOnlyForDeploymentPostprocessing = 0;
		};
/* End PBXFrameworksBuildPhase section */

/* Begin PBXGroup section */
		95967D6319ACFED80056E50D = {
			isa = PBXGroup;
			children = (
				95967D6E19ACFED80056E50D /* TCPSocket */,
				95967D8119ACFED80056E50D /* TCPSocketTests */,
				95967D6D19ACFED80056E50D /* Products */,
			);
			sourceTree = "<group>";
		};
		95967D6D19ACFED80056E50D /* Products */ = {
			isa = PBXGroup;
			children = (
				95967D6C19ACFED80056E50D /* TCPSocket.app */,
				95967D7E19ACFED80056E50D /* TCPSocketTests.xctest */,
			);
			name = Products;
			sourceTree = "<group>";
		};
		95967D6E19ACFED80056E50D /* TCPSocket */ = {
			isa = PBXGroup;
			children = (
				95967D7119ACFED80056E50D /* AppDelegate.swift */,
				95967D7319ACFED80056E50D /* ViewController.swift */,
				95967D7519ACFED80056E50D /* Main.storyboard */,
				95967D7819ACFED80056E50D /* Images.xcassets */,
				95967D6F19ACFED80056E50D /* Supporting Files */,
			);
			path = TCPSocket;
			sourceTree = "<group>";
		};
		95967D6F19ACFED80056E50D /* Supporting Files */ = {
			isa = PBXGroup;
			children = (
				95967D7019ACFED80056E50D /* Info.plist */,
			);
			name = "Supporting Files";
			sourceTree = "<group>";
		};
		95967D8119ACFED80056E50D /* TCPSocketTests */ = {
			isa = PBXGroup;
			children = (
				95967D8419ACFED80056E50D /* TCPSocketTests.swift */,
				95967D8219ACFED80056E50D /* Supporting Files */,
			);
			path = TCPSocketTests;
			sourceTree = "<group>";
		};
		95967D8219ACFED80056E50D /* Supporting Files */ = {
			isa = PBXGroup;
			children = (
				95967D8319ACFED80056E50D /* Info.plist */,
			);
			name = "Supporting Files";
			sourceTree = "<group>";
		};
/* End PBXGroup section */

/* Begin PBXNativeTarget section */
		95967D6B19ACFED80056E50D /* TCPSocket */ = {
			isa = PBXNativeTarget;
			buildConfigurationList = 95967D8819ACFED80056E50D /* Build configuration list for PBXNativeTarget "TCPSocket" */;
			buildPhases = (
				95967D6819ACFED80056E50D /* Sources */,
				95967D6919ACFED80056E50D /* Frameworks */,
				95967D6A19ACFED80056E50D /* Resources */,
			);
			buildRules = (
			);
			dependencies = (
			);
			name = TCPSocket;
			productName = TCPSocket;
			productReference = 95967D6C19ACFED80056E50D /* TCPSocket.app */;
			productType = "com.apple.product-type.application";
		};
		95967D7D19ACFED80056E50D /* TCPSocketTests */ = {
			isa = PBXNativeTarget;
			buildConfigurationList = 95967D8B19ACFED80056E50D /* Build configuration list for PBXNativeTarget "TCPSocketTests" */;
			buildPhases = (
				95967D7A19ACFED80056E50D /* Sources */,
				95967D7B19ACFED80056E50D /* Frameworks */,
				95967D7C19ACFED80056E50D /* Resources */,
			);
			buildRules = (
			);
			dependencies = (
				95967D8019ACFED80056E50D /* PBXTargetDependency */,
			);
			name = TCPSocketTests;
			productName = TCPSocketTests;
			productReference = 95967D7E19ACFED80056E50D /* TCPSocketTests.xctest */;
			productType = "com.apple.product-type.bundle.unit-test";
		};
/* End PBXNativeTarget section */

/* Begin PBXProject section */
		95967D6419ACFED80056E50D /* Project object */ = {
			isa = PBXProject;
			attributes = {
				LastUpgradeCheck = 0600;
				ORGANIZATIONNAME = "ChenTsu Lin";
				TargetAttributes = {
					95967D6B19ACFED80056E50D = {
						CreatedOnToolsVersion = 6.0;
					};
					95967D7D19ACFED80056E50D = {
						CreatedOnToolsVersion = 6.0;
						TestTargetID = 95967D6B19ACFED80056E50D;
					};
				};
			};
			buildConfigurationList = 95967D6719ACFED80056E50D /* Build configuration list for PBXProject "TCPSocket" */;
			compatibilityVersion = "Xcode 3.2";
			developmentRegion = English;
			hasScannedForEncodings = 0;
			knownRegions = (
				en,
				Base,
			);
			mainGroup = 95967D6319ACFED80056E50D;
			productRefGroup = 95967D6D19ACFED80056E50D /* Products */;
			projectDirPath = "";
			projectRoot = "";
			targets = (
				95967D6B19ACFED80056E50D /* TCPSocket */,
				95967D7D19ACFED80056E50D /* TCPSocketTests */,
			);
		};
/* End PBXProject section */

/* Begin PBXResourcesBuildPhase section */
		95967D6A19ACFED80056E50D /* Resources */ = {
			isa = PBXResourcesBuildPhase;
			buildActionMask = 2147483647;
			files = (
				95967D7719ACFED80056E50D /* Main.storyboard in Resources */,
				95967D7919ACFED80056E50D /* Images.xcassets in Resources */,
			);
			runOnlyForDeploymentPostprocessing = 0;
		};
		95967D7C19ACFED80056E50D /* Resources */ = {
			isa = PBXResourcesBuildPhase;
			buildActionMask = 2147483647;
			files = (
			);
			runOnlyForDeploymentPostprocessing = 0;
		};
/* End PBXResourcesBuildPhase section */

/* Begin PBXSourcesBuildPhase section */
		95967D6819ACFED80056E50D /* Sources */ = {
			isa = PBXSourcesBuildPhase;
			buildActionMask = 2147483647;
			files = (
				95967D7419ACFED80056E50D /* ViewController.swift in Sources */,
				95967D7219ACFED80056E50D /* AppDelegate.swift in Sources */,
			);
			runOnlyForDeploymentPostprocessing = 0;
		};
		95967D7A19ACFED80056E50D /* Sources */ = {
			isa = PBXSourcesBuildPhase;
			buildActionMask = 2147483647;
			files = (
				95967D8519ACFED80056E50D /* TCPSocketTests.swift in Sources */,
			);
			runOnlyForDeploymentPostprocessing = 0;
		};
/* End PBXSourcesBuildPhase section */

/* Begin PBXTargetDependency section */
		95967D8019ACFED80056E50D /* PBXTargetDependency */ = {
			isa = PBXTargetDependency;
			target = 95967D6B19ACFED80056E50D /* TCPSocket */;
			targetProxy = 95967D7F19ACFED80056E50D /* PBXContainerItemProxy */;
		};
/* End PBXTargetDependency section */

/* Begin PBXVariantGroup section */
		95967D7519ACFED80056E50D /* Main.storyboard */ = {
			isa = PBXVariantGroup;
			children = (
				95967D7619ACFED80056E50D /* Base */,
			);
			name = Main.storyboard;
			sourceTree = "<group>";
		};
/* End PBXVariantGroup section */

/* Begin XCBuildConfiguration section */
		95967D8619ACFED80056E50D /* Debug */ = {
			isa = XCBuildConfiguration;
			buildSettings = {
				ALWAYS_SEARCH_USER_PATHS = NO;
				CLANG_CXX_LANGUAGE_STANDARD = "gnu++0x";
				CLANG_CXX_LIBRARY = "libc++";
				CLANG_ENABLE_MODULES = YES;
				CLANG_ENABLE_OBJC_ARC = YES;
				CLANG_WARN_BOOL_CONVERSION = YES;
				CLANG_WARN_CONSTANT_CONVERSION = YES;
				CLANG_WARN_DIRECT_OBJC_ISA_USAGE = YES_ERROR;
				CLANG_WARN_EMPTY_BODY = YES;
				CLANG_WARN_ENUM_CONVERSION = YES;
				CLANG_WARN_INT_CONVERSION = YES;
				CLANG_WARN_OBJC_ROOT_CLASS = YES_ERROR;
				CLANG_WARN_UNREACHABLE_CODE = YES;
				CLANG_WARN__DUPLICATE_METHOD_MATCH = YES;
				"CODE_SIGN_IDENTITY[sdk=iphoneos*]" = "iPhone Developer";
				COPY_PHASE_STRIP = NO;
				ENABLE_STRICT_OBJC_MSGSEND = YES;
				GCC_C_LANGUAGE_STANDARD = gnu99;
				GCC_DYNAMIC_NO_PIC = NO;
				GCC_OPTIMIZATION_LEVEL = 0;
				GCC_PREPROCESSOR_DEFINITIONS = (
					"DEBUG=1",
					"$(inherited)",
				);
				GCC_SYMBOLS_PRIVATE_EXTERN = NO;
				GCC_WARN_64_TO_32_BIT_CONVERSION = YES;
				GCC_WARN_ABOUT_RETURN_TYPE = YES_ERROR;
				GCC_WARN_UNDECLARED_SELECTOR = YES;
				GCC_WARN_UNINITIALIZED_AUTOS = YES_AGGRESSIVE;
				GCC_WARN_UNUSED_FUNCTION = YES;
				GCC_WARN_UNUSED_VARIABLE = YES;
				IPHONEOS_DEPLOYMENT_TARGET = 8.0;
				METAL_ENABLE_DEBUG_INFO = YES;
				ONLY_ACTIVE_ARCH = YES;
				SDKROOT = iphoneos;
				SWIFT_OPTIMIZATION_LEVEL = "-Onone";
				TARGETED_DEVICE_FAMILY = "1,2";
			};
			name = Debug;
		};
		95967D8719ACFED80056E50D /* Release */ = {
			isa = XCBuildConfiguration;
			buildSettings = {
				ALWAYS_SEARCH_USER_PATHS = NO;
				CLANG_CXX_LANGUAGE_STANDARD = "gnu++0x";
				CLANG_CXX_LIBRARY = "libc++";
				CLANG_ENABLE_MODULES = YES;
				CLANG_ENABLE_OBJC_ARC = YES;
				CLANG_WARN_BOOL_CONVERSION = YES;
				CLANG_WARN_CONSTANT_CONVERSION = YES;
				CLANG_WARN_DIRECT_OBJC_ISA_USAGE = YES_ERROR;
				CLANG_WARN_EMPTY_BODY = YES;
				CLANG_WARN_ENUM_CONVERSION = YES;
				CLANG_WARN_INT_CONVERSION = YES;
				CLANG_WARN_OBJC_ROOT_CLASS = YES_ERROR;
				CLANG_WARN_UNREACHABLE_CODE = YES;
				CLANG_WARN__DUPLICATE_METHOD_MATCH = YES;
				"CODE_SIGN_IDENTITY[sdk=iphoneos*]" = "iPhone Developer";
				COPY_PHASE_STRIP = YES;
				ENABLE_NS_ASSERTIONS = NO;
				ENABLE_STRICT_OBJC_MSGSEND = YES;
				GCC_C_LANGUAGE_STANDARD = gnu99;
				GCC_WARN_64_TO_32_BIT_CONVERSION = YES;
				GCC_WARN_ABOUT_RETURN_TYPE = YES_ERROR;
				GCC_WARN_UNDECLARED_SELECTOR = YES;
				GCC_WARN_UNINITIALIZED_AUTOS = YES_AGGRESSIVE;
				GCC_WARN_UNUSED_FUNCTION = YES;
				GCC_WARN_UNUSED_VARIABLE = YES;
				IPHONEOS_DEPLOYMENT_TARGET = 8.0;
				METAL_ENABLE_DEBUG_INFO = NO;
				SDKROOT = iphoneos;
				TARGETED_DEVICE_FAMILY = "1,2";
				VALIDATE_PRODUCT = YES;
			};
			name = Release;
		};
		95967D8919ACFED80056E50D /* Debug */ = {
			isa = XCBuildConfiguration;
			buildSettings = {
				ASSETCATALOG_COMPILER_APPICON_NAME = AppIcon;
				ASSETCATALOG_COMPILER_LAUNCHIMAGE_NAME = LaunchImage;
				INFOPLIST_FILE = TCPSocket/Info.plist;
				LD_RUNPATH_SEARCH_PATHS = "$(inherited) @executable_path/Frameworks";
				PRODUCT_NAME = "$(TARGET_NAME)";
			};
			name = Debug;
		};
		95967D8A19ACFED80056E50D /* Release */ = {
			isa = XCBuildConfiguration;
			buildSettings = {
				ASSETCATALOG_COMPILER_APPICON_NAME = AppIcon;
				ASSETCATALOG_COMPILER_LAUNCHIMAGE_NAME = LaunchImage;
				INFOPLIST_FILE = TCPSocket/Info.plist;
				LD_RUNPATH_SEARCH_PATHS = "$(inherited) @executable_path/Frameworks";
				PRODUCT_NAME = "$(TARGET_NAME)";
			};
			name = Release;
		};
		95967D8C19ACFED80056E50D /* Debug */ = {
			isa = XCBuildConfiguration;
			buildSettings = {
				BUNDLE_LOADER = "$(BUILT_PRODUCTS_DIR)/TCPSocket.app/TCPSocket";
				FRAMEWORK_SEARCH_PATHS = (
					"$(SDKROOT)/Developer/Library/Frameworks",
					"$(inherited)",
				);
				GCC_PREPROCESSOR_DEFINITIONS = (
					"DEBUG=1",
					"$(inherited)",
				);
				INFOPLIST_FILE = TCPSocketTests/Info.plist;
				LD_RUNPATH_SEARCH_PATHS = "$(inherited) @executable_path/Frameworks @loader_path/Frameworks";
				METAL_ENABLE_DEBUG_INFO = YES;
				PRODUCT_NAME = "$(TARGET_NAME)";
				TEST_HOST = "$(BUNDLE_LOADER)";
			};
			name = Debug;
		};
		95967D8D19ACFED80056E50D /* Release */ = {
			isa = XCBuildConfiguration;
			buildSettings = {
				BUNDLE_LOADER = "$(BUILT_PRODUCTS_DIR)/TCPSocket.app/TCPSocket";
				FRAMEWORK_SEARCH_PATHS = (
					"$(SDKROOT)/Developer/Library/Frameworks",
					"$(inherited)",
				);
				INFOPLIST_FILE = TCPSocketTests/Info.plist;
				LD_RUNPATH_SEARCH_PATHS = "$(inherited) @executable_path/Frameworks @loader_path/Frameworks";
				METAL_ENABLE_DEBUG_INFO = NO;
				PRODUCT_NAME = "$(TARGET_NAME)";
				TEST_HOST = "$(BUNDLE_LOADER)";
			};
			name = Release;
		};
/* End XCBuildConfiguration section */

/* Begin XCConfigurationList section */
		95967D6719ACFED80056E50D /* Build configuration list for PBXProject "TCPSocket" */ = {
			isa = XCConfigurationList;
			buildConfigurations = (
				95967D8619ACFED80056E50D /* Debug */,
				95967D8719ACFED80056E50D /* Release */,
			);
			defaultConfigurationIsVisible = 0;
			defaultConfigurationName = Release;
		};
		95967D8819ACFED80056E50D /* Build configuration list for PBXNativeTarget "TCPSocket" */ = {
			isa = XCConfigurationList;
			buildConfigurations = (
				95967D8919ACFED80056E50D /* Debug */,
				95967D8A19ACFED80056E50D /* Release */,
			);
			defaultConfigurationIsVisible = 0;
		};
		95967D8B19ACFED80056E50D /* Build configuration list for PBXNativeTarget "TCPSocketTests" */ = {
			isa = XCConfigurationList;
			buildConfigurations = (
				95967D8C19ACFED80056E50D /* Debug */,
				95967D8D19ACFED80056E50D /* Release */,
			);
			defaultConfigurationIsVisible = 0;
		};
/* End XCConfigurationList section */
	};
	rootObject = 95967D6419ACFED80056E50D /* Project object */;
}
